
Microsoft Visual Studio Solution File, Format Version 12.00
# Visual Studio Version 16
VisualStudioVersion = 16.0.31605.320
MinimumVisualStudioVersion = 10.0.40219.1
Project("{8BC9CEB8-8B4A-11D0-8D11-00A0C91BC942}") = "fish_game", "fish_game.vcxproj", "{98AECD38-501F-4E7E-AD5D-4486C661C262}"
EndProject
Global
	GlobalSection(SolutionConfigurationPlatforms) = preSolution
		Debug|x64 = Debug|x64
		Debug|x86 = Debug|x86
		Release|x64 = Release|x64
		Release|x86 = Release|x86
	EndGlobalSection
	GlobalSection(ProjectConfigurationPlatforms) = postSolution
		{98AECD38-501F-4E7E-AD5D-4486C661C262}.Debug|x64.ActiveCfg = Debug|x64
		{98AECD38-501F-4E7E-AD5D-4486C661C262}.Debug|x64.Build.0 = Debug|x64
		{98AECD38-501F-4E7E-AD5D-4486C661C262}.Debug|x86.ActiveCfg = Debug|Win32
		{98AECD38-501F-4E7E-AD5D-4486C661C262}.Debug|x86.Build.0 = Debug|Win32
		{98AECD38-501F-4E7E-AD5D-4486C661C262}.Release|x64.ActiveCfg = Release|x64
		{98AECD38-501F-4E7E-AD5D-4486C661C262}.Release|x64.Build.0 = Release|x64
		{98AECD38-501F-4E7E-AD5D-4486C661C262}.Release|x86.ActiveCfg = Release|Win32
		{98AECD38-501F-4E7E-AD5D-4486C661C262}.Release|x86.Build.0 = Release|Win32
	EndGlobalSection
	GlobalSection(SolutionProperties) = preSolution
		HideSolutionNode = FALSE
	EndGlobalSection
	GlobalSection(ExtensibilityGlobals) = postSolution
		SolutionGuid = {DE407336-1514-43A6-8FDD-12E484DC57CB}
	EndGlobalSection
EndGlobal
